// !$*UTF8*$!
{
	archiveVersion = 1;
	classes = {
	};
	objectVersion = 55;
	objects = {

/* Begin PBXBuildFile section */
		927A4BF227F163C30082EBF2 /* AppDelegate.swift in Sources */ = {isa = PBXBuildFile; fileRef = 927A4BF127F163C30082EBF2 /* AppDelegate.swift */; };
		927A4BF427F163C30082EBF2 /* SceneDelegate.swift in Sources */ = {isa = PBXBuildFile; fileRef = 927A4BF327F163C30082EBF2 /* SceneDelegate.swift */; };
		927A4BF627F163C30082EBF2 /* CallViewController.swift in Sources */ = {isa = PBXBuildFile; fileRef = 927A4BF527F163C30082EBF2 /* CallViewController.swift */; };
		927A4BF927F163C30082EBF2 /* Main.storyboard in Resources */ = {isa = PBXBuildFile; fileRef = 927A4BF727F163C30082EBF2 /* Main.storyboard */; };
		927A4BFB27F163C50082EBF2 /* Assets.xcassets in Resources */ = {isa = PBXBuildFile; fileRef = 927A4BFA27F163C50082EBF2 /* Assets.xcassets */; };
		927A4BFE27F163C50082EBF2 /* LaunchScreen.storyboard in Resources */ = {isa = PBXBuildFile; fileRef = 927A4BFC27F163C50082EBF2 /* LaunchScreen.storyboard */; };
		927A4C0927F163C50082EBF2 /* Artium_Agaora_PocTests.swift in Sources */ = {isa = PBXBuildFile; fileRef = 927A4C0827F163C50082EBF2 /* Artium_Agaora_PocTests.swift */; };
		927A4C1327F163C50082EBF2 /* Artium_Agaora_PocUITests.swift in Sources */ = {isa = PBXBuildFile; fileRef = 927A4C1227F163C50082EBF2 /* Artium_Agaora_PocUITests.swift */; };
		927A4C1527F163C50082EBF2 /* Artium_Agaora_PocUITestsLaunchTests.swift in Sources */ = {isa = PBXBuildFile; fileRef = 927A4C1427F163C50082EBF2 /* Artium_Agaora_PocUITestsLaunchTests.swift */; };
		927A4C2327F178950082EBF2 /* AgoraRtcKit in Frameworks */ = {isa = PBXBuildFile; productRef = 927A4C2227F178950082EBF2 /* AgoraRtcKit */; };
		927A4C2627F18EB80082EBF2 /* Alamofire in Frameworks */ = {isa = PBXBuildFile; productRef = 927A4C2527F18EB80082EBF2 /* Alamofire */; };
		927A4C2E27F1B8C00082EBF2 /* ToggleButton.swift in Sources */ = {isa = PBXBuildFile; fileRef = 927A4C2D27F1B8C00082EBF2 /* ToggleButton.swift */; };
		927A4C3027F2B94F0082EBF2 /* BaseViewController.swift in Sources */ = {isa = PBXBuildFile; fileRef = 927A4C2F27F2B94F0082EBF2 /* BaseViewController.swift */; };
		927A4C3227F2B9D00082EBF2 /* PreJoinViewController.swift in Sources */ = {isa = PBXBuildFile; fileRef = 927A4C3127F2B9D00082EBF2 /* PreJoinViewController.swift */; };
/* End PBXBuildFile section */

/* Begin PBXContainerItemProxy section */
		927A4C0527F163C50082EBF2 /* PBXContainerItemProxy */ = {
			isa = PBXContainerItemProxy;
			containerPortal = 927A4BE627F163C30082EBF2 /* Project object */;
			proxyType = 1;
			remoteGlobalIDString = 927A4BED27F163C30082EBF2;
			remoteInfo = "Artium Agaora Poc";
		};
		927A4C0F27F163C50082EBF2 /* PBXContainerItemProxy */ = {
			isa = PBXContainerItemProxy;
			containerPortal = 927A4BE627F163C30082EBF2 /* Project object */;
			proxyType = 1;
			remoteGlobalIDString = 927A4BED27F163C30082EBF2;
			remoteInfo = "Artium Agaora Poc";
		};
/* End PBXContainerItemProxy section */

/* Begin PBXFileReference section */
		927A4BEE27F163C30082EBF2 /* Artium Agaora Poc.app */ = {isa = PBXFileReference; explicitFileType = wrapper.application; includeInIndex = 0; path = "Artium Agaora Poc.app"; sourceTree = BUILT_PRODUCTS_DIR; };
		927A4BF127F163C30082EBF2 /* AppDelegate.swift */ = {isa = PBXFileReference; lastKnownFileType = sourcecode.swift; path = AppDelegate.swift; sourceTree = "<group>"; };
		927A4BF327F163C30082EBF2 /* SceneDelegate.swift */ = {isa = PBXFileReference; lastKnownFileType = sourcecode.swift; path = SceneDelegate.swift; sourceTree = "<group>"; };
		927A4BF527F163C30082EBF2 /* CallViewController.swift */ = {isa = PBXFileReference; lastKnownFileType = sourcecode.swift; path = CallViewController.swift; sourceTree = "<group>"; };
		927A4BF827F163C30082EBF2 /* Base */ = {isa = PBXFileReference; lastKnownFileType = file.storyboard; name = Base; path = Base.lproj/Main.storyboard; sourceTree = "<group>"; };
		927A4BFA27F163C50082EBF2 /* Assets.xcassets */ = {isa = PBXFileReference; lastKnownFileType = folder.assetcatalog; path = Assets.xcassets; sourceTree = "<group>"; };
		927A4BFD27F163C50082EBF2 /* Base */ = {isa = PBXFileReference; lastKnownFileType = file.storyboard; name = Base; path = Base.lproj/LaunchScreen.storyboard; sourceTree = "<group>"; };
		927A4BFF27F163C50082EBF2 /* Info.plist */ = {isa = PBXFileReference; lastKnownFileType = text.plist.xml; path = Info.plist; sourceTree = "<group>"; };
		927A4C0427F163C50082EBF2 /* Artium Agaora PocTests.xctest */ = {isa = PBXFileReference; explicitFileType = wrapper.cfbundle; includeInIndex = 0; path = "Artium Agaora PocTests.xctest"; sourceTree = BUILT_PRODUCTS_DIR; };
		927A4C0827F163C50082EBF2 /* Artium_Agaora_PocTests.swift */ = {isa = PBXFileReference; lastKnownFileType = sourcecode.swift; path = Artium_Agaora_PocTests.swift; sourceTree = "<group>"; };
		927A4C0E27F163C50082EBF2 /* Artium Agaora PocUITests.xctest */ = {isa = PBXFileReference; explicitFileType = wrapper.cfbundle; includeInIndex = 0; path = "Artium Agaora PocUITests.xctest"; sourceTree = BUILT_PRODUCTS_DIR; };
		927A4C1227F163C50082EBF2 /* Artium_Agaora_PocUITests.swift */ = {isa = PBXFileReference; lastKnownFileType = sourcecode.swift; path = Artium_Agaora_PocUITests.swift; sourceTree = "<group>"; };
		927A4C1427F163C50082EBF2 /* Artium_Agaora_PocUITestsLaunchTests.swift */ = {isa = PBXFileReference; lastKnownFileType = sourcecode.swift; path = Artium_Agaora_PocUITestsLaunchTests.swift; sourceTree = "<group>"; };
		927A4C2D27F1B8C00082EBF2 /* ToggleButton.swift */ = {isa = PBXFileReference; lastKnownFileType = sourcecode.swift; path = ToggleButton.swift; sourceTree = "<group>"; };
		927A4C2F27F2B94F0082EBF2 /* BaseViewController.swift */ = {isa = PBXFileReference; lastKnownFileType = sourcecode.swift; path = BaseViewController.swift; sourceTree = "<group>"; };
		927A4C3127F2B9D00082EBF2 /* PreJoinViewController.swift */ = {isa = PBXFileReference; lastKnownFileType = sourcecode.swift; name = PreJoinViewController.swift; path = "Artium Agaora Poc/PreJoinViewController.swift"; sourceTree = SOURCE_ROOT; };
/* End PBXFileReference section */

/* Begin PBXFrameworksBuildPhase section */
		927A4BEB27F163C30082EBF2 /* Frameworks */ = {
			isa = PBXFrameworksBuildPhase;
			buildActionMask = 2147483647;
			files = (
				927A4C2327F178950082EBF2 /* AgoraRtcKit in Frameworks */,
				927A4C2627F18EB80082EBF2 /* Alamofire in Frameworks */,
			);
			runOnlyForDeploymentPostprocessing = 0;
		};
		927A4C0127F163C50082EBF2 /* Frameworks */ = {
			isa = PBXFrameworksBuildPhase;
			buildActionMask = 2147483647;
			files = (
			);
			runOnlyForDeploymentPostprocessing = 0;
		};
		927A4C0B27F163C50082EBF2 /* Frameworks */ = {
			isa = PBXFrameworksBuildPhase;
			buildActionMask = 2147483647;
			files = (
			);
			runOnlyForDeploymentPostprocessing = 0;
		};
/* End PBXFrameworksBuildPhase section */

/* Begin PBXGroup section */
		927A4BE527F163C30082EBF2 = {
			isa = PBXGroup;
			children = (
				927A4BF027F163C30082EBF2 /* Artium Agaora Poc */,
				927A4C0727F163C50082EBF2 /* Artium Agaora PocTests */,
				927A4C1127F163C50082EBF2 /* Artium Agaora PocUITests */,
				927A4BEF27F163C30082EBF2 /* Products */,
			);
			sourceTree = "<group>";
		};
		927A4BEF27F163C30082EBF2 /* Products */ = {
			isa = PBXGroup;
			children = (
				927A4BEE27F163C30082EBF2 /* Artium Agaora Poc.app */,
				927A4C0427F163C50082EBF2 /* Artium Agaora PocTests.xctest */,
				927A4C0E27F163C50082EBF2 /* Artium Agaora PocUITests.xctest */,
			);
			name = Products;
			sourceTree = "<group>";
		};
		927A4BF027F163C30082EBF2 /* Artium Agaora Poc */ = {
			isa = PBXGroup;
			children = (
				927A4C2C27F1B8A40082EBF2 /* Views */,
				927A4BF127F163C30082EBF2 /* AppDelegate.swift */,
				927A4BF327F163C30082EBF2 /* SceneDelegate.swift */,
				927A4BF527F163C30082EBF2 /* CallViewController.swift */,
				927A4C3127F2B9D00082EBF2 /* PreJoinViewController.swift */,
				927A4BF727F163C30082EBF2 /* Main.storyboard */,
				927A4BFA27F163C50082EBF2 /* Assets.xcassets */,
				927A4BFC27F163C50082EBF2 /* LaunchScreen.storyboard */,
				927A4BFF27F163C50082EBF2 /* Info.plist */,
				927A4C2F27F2B94F0082EBF2 /* BaseViewController.swift */,
			);
			path = "Artium Agaora Poc";
			sourceTree = "<group>";
		};
		927A4C0727F163C50082EBF2 /* Artium Agaora PocTests */ = {
			isa = PBXGroup;
			children = (
				927A4C0827F163C50082EBF2 /* Artium_Agaora_PocTests.swift */,
			);
			path = "Artium Agaora PocTests";
			sourceTree = "<group>";
		};
		927A4C1127F163C50082EBF2 /* Artium Agaora PocUITests */ = {
			isa = PBXGroup;
			children = (
				927A4C1227F163C50082EBF2 /* Artium_Agaora_PocUITests.swift */,
				927A4C1427F163C50082EBF2 /* Artium_Agaora_PocUITestsLaunchTests.swift */,
			);
			path = "Artium Agaora PocUITests";
			sourceTree = "<group>";
		};
		927A4C2C27F1B8A40082EBF2 /* Views */ = {
			isa = PBXGroup;
			children = (
				927A4C2D27F1B8C00082EBF2 /* ToggleButton.swift */,
			);
			path = Views;
			sourceTree = "<group>";
		};
/* End PBXGroup section */

/* Begin PBXNativeTarget section */
		927A4BED27F163C30082EBF2 /* Artium Agaora Poc */ = {
			isa = PBXNativeTarget;
			buildConfigurationList = 927A4C1827F163C50082EBF2 /* Build configuration list for PBXNativeTarget "Artium Agaora Poc" */;
			buildPhases = (
				927A4BEA27F163C30082EBF2 /* Sources */,
				927A4BEB27F163C30082EBF2 /* Frameworks */,
				927A4BEC27F163C30082EBF2 /* Resources */,
			);
			buildRules = (
			);
			dependencies = (
			);
			name = "Artium Agaora Poc";
			packageProductDependencies = (
				927A4C2227F178950082EBF2 /* AgoraRtcKit */,
				927A4C2527F18EB80082EBF2 /* Alamofire */,
			);
			productName = "Artium Agaora Poc";
			productReference = 927A4BEE27F163C30082EBF2 /* Artium Agaora Poc.app */;
			productType = "com.apple.product-type.application";
		};
		927A4C0327F163C50082EBF2 /* Artium Agaora PocTests */ = {
			isa = PBXNativeTarget;
			buildConfigurationList = 927A4C1B27F163C50082EBF2 /* Build configuration list for PBXNativeTarget "Artium Agaora PocTests" */;
			buildPhases = (
				927A4C0027F163C50082EBF2 /* Sources */,
				927A4C0127F163C50082EBF2 /* Frameworks */,
				927A4C0227F163C50082EBF2 /* Resources */,
			);
			buildRules = (
			);
			dependencies = (
				927A4C0627F163C50082EBF2 /* PBXTargetDependency */,
			);
			name = "Artium Agaora PocTests";
			productName = "Artium Agaora PocTests";
			productReference = 927A4C0427F163C50082EBF2 /* Artium Agaora PocTests.xctest */;
			productType = "com.apple.product-type.bundle.unit-test";
		};
		927A4C0D27F163C50082EBF2 /* Artium Agaora PocUITests */ = {
			isa = PBXNativeTarget;
			buildConfigurationList = 927A4C1E27F163C50082EBF2 /* Build configuration list for PBXNativeTarget "Artium Agaora PocUITests" */;
			buildPhases = (
				927A4C0A27F163C50082EBF2 /* Sources */,
				927A4C0B27F163C50082EBF2 /* Frameworks */,
				927A4C0C27F163C50082EBF2 /* Resources */,
			);
			buildRules = (
			);
			dependencies = (
				927A4C1027F163C50082EBF2 /* PBXTargetDependency */,
			);
			name = "Artium Agaora PocUITests";
			productName = "Artium Agaora PocUITests";
			productReference = 927A4C0E27F163C50082EBF2 /* Artium Agaora PocUITests.xctest */;
			productType = "com.apple.product-type.bundle.ui-testing";
		};
/* End PBXNativeTarget section */

/* Begin PBXProject section */
		927A4BE627F163C30082EBF2 /* Project object */ = {
			isa = PBXProject;
			attributes = {
				BuildIndependentTargetsInParallel = 1;
				LastSwiftUpdateCheck = 1320;
				LastUpgradeCheck = 1320;
				TargetAttributes = {
					927A4BED27F163C30082EBF2 = {
						CreatedOnToolsVersion = 13.2.1;
					};
					927A4C0327F163C50082EBF2 = {
						CreatedOnToolsVersion = 13.2.1;
						TestTargetID = 927A4BED27F163C30082EBF2;
					};
					927A4C0D27F163C50082EBF2 = {
						CreatedOnToolsVersion = 13.2.1;
						TestTargetID = 927A4BED27F163C30082EBF2;
					};
				};
			};
			buildConfigurationList = 927A4BE927F163C30082EBF2 /* Build configuration list for PBXProject "Artium Agaora Poc" */;
			compatibilityVersion = "Xcode 13.0";
			developmentRegion = en;
			hasScannedForEncodings = 0;
			knownRegions = (
				en,
				Base,
			);
			mainGroup = 927A4BE527F163C30082EBF2;
			packageReferences = (
				927A4C2127F178950082EBF2 /* XCRemoteSwiftPackageReference "AgoraRtcEngine_iOS" */,
				927A4C2427F18EB80082EBF2 /* XCRemoteSwiftPackageReference "Alamofire" */,
			);
			productRefGroup = 927A4BEF27F163C30082EBF2 /* Products */;
			projectDirPath = "";
			projectRoot = "";
			targets = (
				927A4BED27F163C30082EBF2 /* Artium Agaora Poc */,
				927A4C0327F163C50082EBF2 /* Artium Agaora PocTests */,
				927A4C0D27F163C50082EBF2 /* Artium Agaora PocUITests */,
			);
		};
/* End PBXProject section */

/* Begin PBXResourcesBuildPhase section */
		927A4BEC27F163C30082EBF2 /* Resources */ = {
			isa = PBXResourcesBuildPhase;
			buildActionMask = 2147483647;
			files = (
				927A4BFE27F163C50082EBF2 /* LaunchScreen.storyboard in Resources */,
				927A4BFB27F163C50082EBF2 /* Assets.xcassets in Resources */,
				927A4BF927F163C30082EBF2 /* Main.storyboard in Resources */,
			);
			runOnlyForDeploymentPostprocessing = 0;
		};
		927A4C0227F163C50082EBF2 /* Resources */ = {
			isa = PBXResourcesBuildPhase;
			buildActionMask = 2147483647;
			files = (
			);
			runOnlyForDeploymentPostprocessing = 0;
		};
		927A4C0C27F163C50082EBF2 /* Resources */ = {
			isa = PBXResourcesBuildPhase;
			buildActionMask = 2147483647;
			files = (
			);
			runOnlyForDeploymentPostprocessing = 0;
		};
/* End PBXResourcesBuildPhase section */

/* Begin PBXSourcesBuildPhase section */
		927A4BEA27F163C30082EBF2 /* Sources */ = {
			isa = PBXSourcesBuildPhase;
			buildActionMask = 2147483647;
			files = (
				927A4C3227F2B9D00082EBF2 /* PreJoinViewController.swift in Sources */,
				927A4C3027F2B94F0082EBF2 /* BaseViewController.swift in Sources */,
				927A4BF627F163C30082EBF2 /* CallViewController.swift in Sources */,
				927A4BF227F163C30082EBF2 /* AppDelegate.swift in Sources */,
				927A4BF427F163C30082EBF2 /* SceneDelegate.swift in Sources */,
				927A4C2E27F1B8C00082EBF2 /* ToggleButton.swift in Sources */,
			);
			runOnlyForDeploymentPostprocessing = 0;
		};
		927A4C0027F163C50082EBF2 /* Sources */ = {
			isa = PBXSourcesBuildPhase;
			buildActionMask = 2147483647;
			files = (
				927A4C0927F163C50082EBF2 /* Artium_Agaora_PocTests.swift in Sources */,
			);
			runOnlyForDeploymentPostprocessing = 0;
		};
		927A4C0A27F163C50082EBF2 /* Sources */ = {
			isa = PBXSourcesBuildPhase;
			buildActionMask = 2147483647;
			files = (
				927A4C1527F163C50082EBF2 /* Artium_Agaora_PocUITestsLaunchTests.swift in Sources */,
				927A4C1327F163C50082EBF2 /* Artium_Agaora_PocUITests.swift in Sources */,
			);
			runOnlyForDeploymentPostprocessing = 0;
		};
/* End PBXSourcesBuildPhase section */

/* Begin PBXTargetDependency section */
		927A4C0627F163C50082EBF2 /* PBXTargetDependency */ = {
			isa = PBXTargetDependency;
			target = 927A4BED27F163C30082EBF2 /* Artium Agaora Poc */;
			targetProxy = 927A4C0527F163C50082EBF2 /* PBXContainerItemProxy */;
		};
		927A4C1027F163C50082EBF2 /* PBXTargetDependency */ = {
			isa = PBXTargetDependency;
			target = 927A4BED27F163C30082EBF2 /* Artium Agaora Poc */;
			targetProxy = 927A4C0F27F163C50082EBF2 /* PBXContainerItemProxy */;
		};
/* End PBXTargetDependency section */

/* Begin PBXVariantGroup section */
		927A4BF727F163C30082EBF2 /* Main.storyboard */ = {
			isa = PBXVariantGroup;
			children = (
				927A4BF827F163C30082EBF2 /* Base */,
			);
			name = Main.storyboard;
			sourceTree = "<group>";
		};
		927A4BFC27F163C50082EBF2 /* LaunchScreen.storyboard */ = {
			isa = PBXVariantGroup;
			children = (
				927A4BFD27F163C50082EBF2 /* Base */,
			);
			name = LaunchScreen.storyboard;
			sourceTree = "<group>";
		};
/* End PBXVariantGroup section */

/* Begin XCBuildConfiguration section */
		927A4C1627F163C50082EBF2 /* Debug */ = {
			isa = XCBuildConfiguration;
			buildSettings = {
				ALWAYS_SEARCH_USER_PATHS = NO;
				CLANG_ANALYZER_NONNULL = YES;
				CLANG_ANALYZER_NUMBER_OBJECT_CONVERSION = YES_AGGRESSIVE;
				CLANG_CXX_LANGUAGE_STANDARD = "gnu++17";
				CLANG_CXX_LIBRARY = "libc++";
				CLANG_ENABLE_MODULES = YES;
				CLANG_ENABLE_OBJC_ARC = YES;
				CLANG_ENABLE_OBJC_WEAK = YES;
				CLANG_WARN_BLOCK_CAPTURE_AUTORELEASING = YES;
				CLANG_WARN_BOOL_CONVERSION = YES;
				CLANG_WARN_COMMA = YES;
				CLANG_WARN_CONSTANT_CONVERSION = YES;
				CLANG_WARN_DEPRECATED_OBJC_IMPLEMENTATIONS = YES;
				CLANG_WARN_DIRECT_OBJC_ISA_USAGE = YES_ERROR;
				CLANG_WARN_DOCUMENTATION_COMMENTS = YES;
				CLANG_WARN_EMPTY_BODY = YES;
				CLANG_WARN_ENUM_CONVERSION = YES;
				CLANG_WARN_INFINITE_RECURSION = YES;
				CLANG_WARN_INT_CONVERSION = YES;
				CLANG_WARN_NON_LITERAL_NULL_CONVERSION = YES;
				CLANG_WARN_OBJC_IMPLICIT_RETAIN_SELF = YES;
				CLANG_WARN_OBJC_LITERAL_CONVERSION = YES;
				CLANG_WARN_OBJC_ROOT_CLASS = YES_ERROR;
				CLANG_WARN_QUOTED_INCLUDE_IN_FRAMEWORK_HEADER = YES;
				CLANG_WARN_RANGE_LOOP_ANALYSIS = YES;
				CLANG_WARN_STRICT_PROTOTYPES = YES;
				CLANG_WARN_SUSPICIOUS_MOVE = YES;
				CLANG_WARN_UNGUARDED_AVAILABILITY = YES_AGGRESSIVE;
				CLANG_WARN_UNREACHABLE_CODE = YES;
				CLANG_WARN__DUPLICATE_METHOD_MATCH = YES;
				COPY_PHASE_STRIP = NO;
				DEBUG_INFORMATION_FORMAT = dwarf;
				ENABLE_STRICT_OBJC_MSGSEND = YES;
				ENABLE_TESTABILITY = YES;
				GCC_C_LANGUAGE_STANDARD = gnu11;
				GCC_DYNAMIC_NO_PIC = NO;
				GCC_NO_COMMON_BLOCKS = YES;
				GCC_OPTIMIZATION_LEVEL = 0;
				GCC_PREPROCESSOR_DEFINITIONS = (
					"DEBUG=1",
					"$(inherited)",
				);
				GCC_WARN_64_TO_32_BIT_CONVERSION = YES;
				GCC_WARN_ABOUT_RETURN_TYPE = YES_ERROR;
				GCC_WARN_UNDECLARED_SELECTOR = YES;
				GCC_WARN_UNINITIALIZED_AUTOS = YES_AGGRESSIVE;
				GCC_WARN_UNUSED_FUNCTION = YES;
				GCC_WARN_UNUSED_VARIABLE = YES;
				IPHONEOS_DEPLOYMENT_TARGET = 15.2;
				MTL_ENABLE_DEBUG_INFO = INCLUDE_SOURCE;
				MTL_FAST_MATH = YES;
				ONLY_ACTIVE_ARCH = YES;
				SDKROOT = iphoneos;
				SWIFT_ACTIVE_COMPILATION_CONDITIONS = DEBUG;
				SWIFT_OPTIMIZATION_LEVEL = "-Onone";
			};
			name = Debug;
		};
		927A4C1727F163C50082EBF2 /* Release */ = {
			isa = XCBuildConfiguration;
			buildSettings = {
				ALWAYS_SEARCH_USER_PATHS = NO;
				CLANG_ANALYZER_NONNULL = YES;
				CLANG_ANALYZER_NUMBER_OBJECT_CONVERSION = YES_AGGRESSIVE;
				CLANG_CXX_LANGUAGE_STANDARD = "gnu++17";
				CLANG_CXX_LIBRARY = "libc++";
				CLANG_ENABLE_MODULES = YES;
				CLANG_ENABLE_OBJC_ARC = YES;
				CLANG_ENABLE_OBJC_WEAK = YES;
				CLANG_WARN_BLOCK_CAPTURE_AUTORELEASING = YES;
				CLANG_WARN_BOOL_CONVERSION = YES;
				CLANG_WARN_COMMA = YES;
				CLANG_WARN_CONSTANT_CONVERSION = YES;
				CLANG_WARN_DEPRECATED_OBJC_IMPLEMENTATIONS = YES;
				CLANG_WARN_DIRECT_OBJC_ISA_USAGE = YES_ERROR;
				CLANG_WARN_DOCUMENTATION_COMMENTS = YES;
				CLANG_WARN_EMPTY_BODY = YES;
				CLANG_WARN_ENUM_CONVERSION = YES;
				CLANG_WARN_INFINITE_RECURSION = YES;
				CLANG_WARN_INT_CONVERSION = YES;
				CLANG_WARN_NON_LITERAL_NULL_CONVERSION = YES;
				CLANG_WARN_OBJC_IMPLICIT_RETAIN_SELF = YES;
				CLANG_WARN_OBJC_LITERAL_CONVERSION = YES;
				CLANG_WARN_OBJC_ROOT_CLASS = YES_ERROR;
				CLANG_WARN_QUOTED_INCLUDE_IN_FRAMEWORK_HEADER = YES;
				CLANG_WARN_RANGE_LOOP_ANALYSIS = YES;
				CLANG_WARN_STRICT_PROTOTYPES = YES;
				CLANG_WARN_SUSPICIOUS_MOVE = YES;
				CLANG_WARN_UNGUARDED_AVAILABILITY = YES_AGGRESSIVE;
				CLANG_WARN_UNREACHABLE_CODE = YES;
				CLANG_WARN__DUPLICATE_METHOD_MATCH = YES;
				COPY_PHASE_STRIP = NO;
				DEBUG_INFORMATION_FORMAT = "dwarf-with-dsym";
				ENABLE_NS_ASSERTIONS = NO;
				ENABLE_STRICT_OBJC_MSGSEND = YES;
				GCC_C_LANGUAGE_STANDARD = gnu11;
				GCC_NO_COMMON_BLOCKS = YES;
				GCC_WARN_64_TO_32_BIT_CONVERSION = YES;
				GCC_WARN_ABOUT_RETURN_TYPE = YES_ERROR;
				GCC_WARN_UNDECLARED_SELECTOR = YES;
				GCC_WARN_UNINITIALIZED_AUTOS = YES_AGGRESSIVE;
				GCC_WARN_UNUSED_FUNCTION = YES;
				GCC_WARN_UNUSED_VARIABLE = YES;
				IPHONEOS_DEPLOYMENT_TARGET = 15.2;
				MTL_ENABLE_DEBUG_INFO = NO;
				MTL_FAST_MATH = YES;
				SDKROOT = iphoneos;
				SWIFT_COMPILATION_MODE = wholemodule;
				SWIFT_OPTIMIZATION_LEVEL = "-O";
				VALIDATE_PRODUCT = YES;
			};
			name = Release;
		};
		927A4C1927F163C50082EBF2 /* Debug */ = {
			isa = XCBuildConfiguration;
			buildSettings = {
				ASSETCATALOG_COMPILER_APPICON_NAME = AppIcon;
				ASSETCATALOG_COMPILER_GLOBAL_ACCENT_COLOR_NAME = AccentColor;
				CODE_SIGN_IDENTITY = "iPhone Developer";
				CODE_SIGN_STYLE = Manual;
				CURRENT_PROJECT_VERSION = 1;
				DEVELOPMENT_TEAM = R6ZTXZ43YW;
				GENERATE_INFOPLIST_FILE = YES;
				INFOPLIST_FILE = "Artium Agaora Poc/Info.plist";
				INFOPLIST_KEY_NSCameraUsageDescription = "Camera is required for the video call";
				INFOPLIST_KEY_NSMicrophoneUsageDescription = "Microphone is required for the call";
				INFOPLIST_KEY_UIApplicationSupportsIndirectInputEvents = YES;
				INFOPLIST_KEY_UILaunchStoryboardName = LaunchScreen;
				INFOPLIST_KEY_UIMainStoryboardFile = Main;
				INFOPLIST_KEY_UISupportedInterfaceOrientations_iPad = "UIInterfaceOrientationPortrait UIInterfaceOrientationPortraitUpsideDown UIInterfaceOrientationLandscapeLeft UIInterfaceOrientationLandscapeRight";
				INFOPLIST_KEY_UISupportedInterfaceOrientations_iPhone = "UIInterfaceOrientationPortrait UIInterfaceOrientationLandscapeLeft UIInterfaceOrientationLandscapeRight";
				LD_RUNPATH_SEARCH_PATHS = (
					"$(inherited)",
					"@executable_path/Frameworks",
				);
				MARKETING_VERSION = 1.0;
				PRODUCT_BUNDLE_IDENTIFIER = "com.artium.app.Artium-Agaora-Poc";
				PRODUCT_NAME = "$(TARGET_NAME)";
				PROVISIONING_PROFILE_SPECIFIER = "Agora POC Development";
				SWIFT_EMIT_LOC_STRINGS = YES;
				SWIFT_VERSION = 5.0;
				TARGETED_DEVICE_FAMILY = "1,2";
			};
			name = Debug;
		};
		927A4C1A27F163C50082EBF2 /* Release */ = {
			isa = XCBuildConfiguration;
			buildSettings = {
				ASSETCATALOG_COMPILER_APPICON_NAME = AppIcon;
				ASSETCATALOG_COMPILER_GLOBAL_ACCENT_COLOR_NAME = AccentColor;
				CODE_SIGN_IDENTITY = "iPhone Distribution: ARTIUM ACADEMY PRIVATE LIMITED (R6ZTXZ43YW)";
				CODE_SIGN_STYLE = Manual;
				CURRENT_PROJECT_VERSION = 1;
				DEVELOPMENT_TEAM = R6ZTXZ43YW;
				GENERATE_INFOPLIST_FILE = YES;
				INFOPLIST_FILE = "Artium Agaora Poc/Info.plist";
				INFOPLIST_KEY_NSCameraUsageDescription = "Camera is required for the video call";
				INFOPLIST_KEY_NSMicrophoneUsageDescription = "Microphone is required for the call";
				INFOPLIST_KEY_UIApplicationSupportsIndirectInputEvents = YES;
				INFOPLIST_KEY_UILaunchStoryboardName = LaunchScreen;
				INFOPLIST_KEY_UIMainStoryboardFile = Main;
				INFOPLIST_KEY_UISupportedInterfaceOrientations_iPad = "UIInterfaceOrientationPortrait UIInterfaceOrientationPortraitUpsideDown UIInterfaceOrientationLandscapeLeft UIInterfaceOrientationLandscapeRight";
				INFOPLIST_KEY_UISupportedInterfaceOrientations_iPhone = "UIInterfaceOrientationPortrait UIInterfaceOrientationLandscapeLeft UIInterfaceOrientationLandscapeRight";
				LD_RUNPATH_SEARCH_PATHS = (
					"$(inherited)",
					"@executable_path/Frameworks",
				);
				MARKETING_VERSION = 1.0;
				PRODUCT_BUNDLE_IDENTIFIER = "com.artium.app.Artium-Agaora-Poc";
				PRODUCT_NAME = "$(TARGET_NAME)";
				PROVISIONING_PROFILE_SPECIFIER = "Agora POC Ad-hoc";
				SWIFT_EMIT_LOC_STRINGS = YES;
				SWIFT_VERSION = 5.0;
				TARGETED_DEVICE_FAMILY = "1,2";
			};
			name = Release;
		};
		927A4C1C27F163C50082EBF2 /* Debug */ = {
			isa = XCBuildConfiguration;
			buildSettings = {
				ALWAYS_EMBED_SWIFT_STANDARD_LIBRARIES = YES;
				BUNDLE_LOADER = "$(TEST_HOST)";
				CODE_SIGN_STYLE = Automatic;
				CURRENT_PROJECT_VERSION = 1;
				DEVELOPMENT_TEAM = R6ZTXZ43YW;
				GENERATE_INFOPLIST_FILE = YES;
				IPHONEOS_DEPLOYMENT_TARGET = 15.2;
				MARKETING_VERSION = 1.0;
				PRODUCT_BUNDLE_IDENTIFIER = "com.artium.app.Artium-Agaora-PocTests";
				PRODUCT_NAME = "$(TARGET_NAME)";
				SWIFT_EMIT_LOC_STRINGS = NO;
				SWIFT_VERSION = 5.0;
				TARGETED_DEVICE_FAMILY = "1,2";
				TEST_HOST = "$(BUILT_PRODUCTS_DIR)/Artium Agaora Poc.app/Artium Agaora Poc";
			};
			name = Debug;
		};
		927A4C1D27F163C50082EBF2 /* Release */ = {
			isa = XCBuildConfiguration;
			buildSettings = {
				ALWAYS_EMBED_SWIFT_STANDARD_LIBRARIES = YES;
				BUNDLE_LOADER = "$(TEST_HOST)";
				CODE_SIGN_STYLE = Automatic;
				CURRENT_PROJECT_VERSION = 1;
				DEVELOPMENT_TEAM = R6ZTXZ43YW;
				GENERATE_INFOPLIST_FILE = YES;
				IPHONEOS_DEPLOYMENT_TARGET = 15.2;
				MARKETING_VERSION = 1.0;
				PRODUCT_BUNDLE_IDENTIFIER = "com.artium.app.Artium-Agaora-PocTests";
				PRODUCT_NAME = "$(TARGET_NAME)";
				SWIFT_EMIT_LOC_STRINGS = NO;
				SWIFT_VERSION = 5.0;
				TARGETED_DEVICE_FAMILY = "1,2";
				TEST_HOST = "$(BUILT_PRODUCTS_DIR)/Artium Agaora Poc.app/Artium Agaora Poc";
			};
			name = Release;
		};
		927A4C1F27F163C50082EBF2 /* Debug */ = {
			isa = XCBuildConfiguration;
			buildSettings = {
				ALWAYS_EMBED_SWIFT_STANDARD_LIBRARIES = YES;
				CODE_SIGN_STYLE = Automatic;
				CURRENT_PROJECT_VERSION = 1;
				DEVELOPMENT_TEAM = R6ZTXZ43YW;
				GENERATE_INFOPLIST_FILE = YES;
				MARKETING_VERSION = 1.0;
				PRODUCT_BUNDLE_IDENTIFIER = "com.artium.app.Artium-Agaora-PocUITests";
				PRODUCT_NAME = "$(TARGET_NAME)";
				SWIFT_EMIT_LOC_STRINGS = NO;
				SWIFT_VERSION = 5.0;
				TARGETED_DEVICE_FAMILY = "1,2";
				TEST_TARGET_NAME = "Artium Agaora Poc";
			};
			name = Debug;
		};
		927A4C2027F163C50082EBF2 /* Release */ = {
			isa = XCBuildConfiguration;
			buildSettings = {
				ALWAYS_EMBED_SWIFT_STANDARD_LIBRARIES = YES;
				CODE_SIGN_STYLE = Automatic;
				CURRENT_PROJECT_VERSION = 1;
				DEVELOPMENT_TEAM = R6ZTXZ43YW;
				GENERATE_INFOPLIST_FILE = YES;
				MARKETING_VERSION = 1.0;
				PRODUCT_BUNDLE_IDENTIFIER = "com.artium.app.Artium-Agaora-PocUITests";
				PRODUCT_NAME = "$(TARGET_NAME)";
				SWIFT_EMIT_LOC_STRINGS = NO;
				SWIFT_VERSION = 5.0;
				TARGETED_DEVICE_FAMILY = "1,2";
				TEST_TARGET_NAME = "Artium Agaora Poc";
			};
			name = Release;
		};
/* End XCBuildConfiguration section */

/* Begin XCConfigurationList section */
		927A4BE927F163C30082EBF2 /* Build configuration list for PBXProject "Artium Agaora Poc" */ = {
			isa = XCConfigurationList;
			buildConfigurations = (
				927A4C1627F163C50082EBF2 /* Debug */,
				927A4C1727F163C50082EBF2 /* Release */,
			);
			defaultConfigurationIsVisible = 0;
			defaultConfigurationName = Release;
		};
		927A4C1827F163C50082EBF2 /* Build configuration list for PBXNativeTarget "Artium Agaora Poc" */ = {
			isa = XCConfigurationList;
			buildConfigurations = (
				927A4C1927F163C50082EBF2 /* Debug */,
				927A4C1A27F163C50082EBF2 /* Release */,
			);
			defaultConfigurationIsVisible = 0;
			defaultConfigurationName = Release;
		};
		927A4C1B27F163C50082EBF2 /* Build configuration list for PBXNativeTarget "Artium Agaora PocTests" */ = {
			isa = XCConfigurationList;
			buildConfigurations = (
				927A4C1C27F163C50082EBF2 /* Debug */,
				927A4C1D27F163C50082EBF2 /* Release */,
			);
			defaultConfigurationIsVisible = 0;
			defaultConfigurationName = Release;
		};
		927A4C1E27F163C50082EBF2 /* Build configuration list for PBXNativeTarget "Artium Agaora PocUITests" */ = {
			isa = XCConfigurationList;
			buildConfigurations = (
				927A4C1F27F163C50082EBF2 /* Debug */,
				927A4C2027F163C50082EBF2 /* Release */,
			);
			defaultConfigurationIsVisible = 0;
			defaultConfigurationName = Release;
		};
/* End XCConfigurationList section */

/* Begin XCRemoteSwiftPackageReference section */
		927A4C2127F178950082EBF2 /* XCRemoteSwiftPackageReference "AgoraRtcEngine_iOS" */ = {
			isa = XCRemoteSwiftPackageReference;
			repositoryURL = "https://github.com/AgoraIO/AgoraRtcEngine_iOS";
			requirement = {
				kind = upToNextMajorVersion;
				minimumVersion = 3.0.0;
			};
		};
		927A4C2427F18EB80082EBF2 /* XCRemoteSwiftPackageReference "Alamofire" */ = {
			isa = XCRemoteSwiftPackageReference;
			repositoryURL = "https://github.com/Alamofire/Alamofire.git";
			requirement = {
				kind = upToNextMajorVersion;
				minimumVersion = 5.0.0;
			};
		};
/* End XCRemoteSwiftPackageReference section */

/* Begin XCSwiftPackageProductDependency section */
		927A4C2227F178950082EBF2 /* AgoraRtcKit */ = {
			isa = XCSwiftPackageProductDependency;
			package = 927A4C2127F178950082EBF2 /* XCRemoteSwiftPackageReference "AgoraRtcEngine_iOS" */;
			productName = AgoraRtcKit;
		};
		927A4C2527F18EB80082EBF2 /* Alamofire */ = {
			isa = XCSwiftPackageProductDependency;
			package = 927A4C2427F18EB80082EBF2 /* XCRemoteSwiftPackageReference "Alamofire" */;
			productName = Alamofire;
		};
/* End XCSwiftPackageProductDependency section */
	};
	rootObject = 927A4BE627F163C30082EBF2 /* Project object */;
}
